// !$*UTF8*$!
{
	archiveVersion = 1;
	classes = {
	};
	objectVersion = 32;
	objects = {
		00D1B904FFC5DB9CA6466313 = {
			isa = PBXFileReference;
			path = MCard.cpp;
			refType = 4;
		};
		00D1B905FFC5DB9CA6466313 = {
			isa = PBXFileReference;
			path = UCardApplication.cpp;
			refType = 4;
		};
		00D1B906FFC5DB9CA6466313 = {
			isa = PBXFileReference;
			path = UCardApplication.h;
			refType = 4;
		};
		00D1B907FFC5DB9CA6466313 = {
			isa = PBXFileReference;
			path = UCardCommand.cpp;
			refType = 4;
		};
		00D1B908FFC5DB9CA6466313 = {
			isa = PBXFileReference;
			path = UCardCommand.h;
			refType = 4;
		};
		00D1B909FFC5DB9CA6466313 = {
			isa = PBXFileReference;
			path = UCardDocument.cpp;
			refType = 4;
		};
		00D1B90AFFC5DB9CA6466313 = {
			isa = PBXFileReference;
			path = UCardDocument.h;
			refType = 4;
		};
		00D1B90BFFC5DB9CA6466313 = {
			isa = PBXFileReference;
			path = UCardView.cpp;
			refType = 4;
		};
		00D1B90CFFC5DB9CA6466313 = {
			isa = PBXFileReference;
			path = UCardView.h;
			refType = 4;
		};
		00D1B90DFFC5DB9CA6466313 = {
			isa = PBXFileReference;
			path = UDatabaseDocument.cpp;
			refType = 4;
		};
		00D1B90EFFC5DB9CA6466313 = {
			isa = PBXFileReference;
			path = UDatabaseDocument.h;
			refType = 4;
		};
		00D1B90FFFC5DB9CA6466313 = {
			isa = PBXFileReference;
			path = UDatabaseFile.cpp;
			refType = 4;
		};
		00D1B910FFC5DB9CA6466313 = {
			isa = PBXFileReference;
			path = UDatabaseFile.h;
			refType = 4;
		};
		00D1B911FFC5DB9CA6466313 = {
			isa = PBXFileReference;
			path = UMoreDebug.cpp;
			refType = 4;
		};
		00D1B912FFC5DB9CA6466313 = {
			isa = PBXFileReference;
			path = UMoreDebug.h;
			refType = 4;
		};
		00D1B913FFC5DB9CA6466313 = {
			fileRef = 00D1B906FFC5DB9CA6466313;
			isa = PBXBuildFile;
			settings = {
			};
		};
		00D1B914FFC5DB9CA6466313 = {
			fileRef = 00D1B908FFC5DB9CA6466313;
			isa = PBXBuildFile;
			settings = {
			};
		};
		00D1B915FFC5DB9CA6466313 = {
			fileRef = 00D1B90AFFC5DB9CA6466313;
			isa = PBXBuildFile;
			settings = {
			};
		};
		00D1B916FFC5DB9CA6466313 = {
			fileRef = 00D1B90CFFC5DB9CA6466313;
			isa = PBXBuildFile;
			settings = {
			};
		};
		00D1B917FFC5DB9CA6466313 = {
			fileRef = 00D1B90EFFC5DB9CA6466313;
			isa = PBXBuildFile;
			settings = {
			};
		};
		00D1B918FFC5DB9CA6466313 = {
			fileRef = 00D1B910FFC5DB9CA6466313;
			isa = PBXBuildFile;
			settings = {
			};
		};
		00D1B919FFC5DB9CA6466313 = {
			fileRef = 00D1B912FFC5DB9CA6466313;
			isa = PBXBuildFile;
			settings = {
			};
		};
		00D1B91AFFC5DB9CA6466313 = {
			fileRef = 00D1B904FFC5DB9CA6466313;
			isa = PBXBuildFile;
			settings = {
				ATTRIBUTES = (
				);
			};
		};
		00D1B91BFFC5DB9CA6466313 = {
			fileRef = 00D1B905FFC5DB9CA6466313;
			isa = PBXBuildFile;
			settings = {
				ATTRIBUTES = (
				);
			};
		};
		00D1B91CFFC5DB9CA6466313 = {
			fileRef = 00D1B907FFC5DB9CA6466313;
			isa = PBXBuildFile;
			settings = {
				ATTRIBUTES = (
				);
			};
		};
		00D1B91DFFC5DB9CA6466313 = {
			fileRef = 00D1B909FFC5DB9CA6466313;
			isa = PBXBuildFile;
			settings = {
				ATTRIBUTES = (
				);
			};
		};
		00D1B91EFFC5DB9CA6466313 = {
			fileRef = 00D1B90BFFC5DB9CA6466313;
			isa = PBXBuildFile;
			settings = {
				ATTRIBUTES = (
				);
			};
		};
		00D1B91FFFC5DB9CA6466313 = {
			fileRef = 00D1B90DFFC5DB9CA6466313;
			isa = PBXBuildFile;
			settings = {
				ATTRIBUTES = (
				);
			};
		};
		00D1B920FFC5DB9CA6466313 = {
			fileRef = 00D1B90FFFC5DB9CA6466313;
			isa = PBXBuildFile;
			settings = {
				ATTRIBUTES = (
				);
			};
		};
		00D1B921FFC5DB9CA6466313 = {
			fileRef = 00D1B911FFC5DB9CA6466313;
			isa = PBXBuildFile;
			settings = {
				ATTRIBUTES = (
				);
			};
		};
		00D3D2CDFFC4D988A6466313 = {
			isa = PBXFileReference;
			path = CRCCards_d.rsrc;
			refType = 2;
		};
		00D3D2CEFFC4D988A6466313 = {
			fileRef = 00D3D2CDFFC4D988A6466313;
			isa = PBXBuildFile;
			settings = {
			};
		};
		00F3635DFFD604227F000001 = {
			buildRules = (
			);
			buildSettings = {
				COPY_PHASE_STRIP = NO;
			};
			isa = PBXBuildStyle;
			name = Development;
		};
		00F3635EFFD604227F000001 = {
			buildRules = (
			);
			buildSettings = {
				COPY_PHASE_STRIP = YES;
			};
			isa = PBXBuildStyle;
			name = Deployment;
		};
		00F5B0E7FFB8C259A6466313 = {
			isa = PBXFileReference;
			name = libMacApp_d.a;
			path = ../../MALibraries/build/libMacApp_d.a;
			refType = 2;
		};
		00F5B0E8FFB8C259A6466313 = {
			fileRef = 00F5B0E7FFB8C259A6466313;
			isa = PBXBuildFile;
			settings = {
			};
		};
		0249A665FF388DC511CA2CEA = {
			isa = PBXApplicationReference;
			path = CRCCards.app;
			refType = 3;
		};
		0249A669FF388E3911CA2CEA = {
			isa = PBXFileReference;
			name = "libstdc++.a";
			path = "/usr/lib/libstdc++.a";
			refType = 0;
		};
		0249A66AFF388E3911CA2CEA = {
			fileRef = 0249A669FF388E3911CA2CEA;
			isa = PBXBuildFile;
			settings = {
			};
		};
		04313892FE3035C9C02AAC07 = {
			buildActionMask = 2147483647;
			files = (
				00D3D2CEFFC4D988A6466313,
			);
			isa = PBXRezBuildPhase;
			name = "ResourceManager Resources";
		};
		0867D6AAFE840B52C02AAC07 = {
			children = (
				0867D6ABFE840B52C02AAC07,
			);
			isa = PBXVariantGroup;
			name = InfoPlist.strings;
			refType = 4;
		};
		0867D6ABFE840B52C02AAC07 = {
			isa = PBXFileReference;
			name = English;
			path = English.lproj/InfoPlist.strings;
			refType = 4;
		};
		0867D6ACFE840B52C02AAC07 = {
			fileRef = 0867D6AAFE840B52C02AAC07;
			isa = PBXBuildFile;
			settings = {
			};
		};
		188372C4007AC3B37F000001 = {
			children = (
				1B0FA2FD007AC5BD7F000001,
				1B0FA2FE007AC5BD7F000001,
				1B0FA2FF007AC5BD7F000001,
				1B0FA301007AC5BD7F000001,
			);
			isa = PBXGroup;
			name = "Standard Library";
			refType = 4;
		};
		195DF8C9FE9D4F0611CA2CBB = {
			children = (
				0249A665FF388DC511CA2CEA,
			);
			isa = PBXGroup;
			name = Products;
			refType = 4;
		};
		1B0FA2FD007AC5BD7F000001 = {
			isa = PBXFileReference;
			name = bastring.h;
			path = "/usr/include/gcc/darwin/2.95.2/g++/bastring.h";
			refType = 0;
		};
		1B0FA2FE007AC5BD7F000001 = {
			isa = PBXFileReference;
			name = algo.h;
			path = "/usr/include/gcc/darwin/2.95.2/g++/algo.h";
			refType = 0;
		};
		1B0FA2FF007AC5BD7F000001 = {
			isa = PBXFileReference;
			name = algobase.h;
			path = "/usr/include/gcc/darwin/2.95.2/g++/algobase.h";
			refType = 0;
		};
		1B0FA301007AC5BD7F000001 = {
			isa = PBXFileReference;
			name = bastring.h;
			path = "/usr/include/gcc/darwin/2.95.2/g++/bastring.h";
			refType = 0;
		};
		1B0FA302007AC5BD7F000001 = {
			fileRef = 1B0FA2FD007AC5BD7F000001;
			isa = PBXBuildFile;
			settings = {
			};
		};
		1B0FA303007AC5BD7F000001 = {
			fileRef = 1B0FA2FE007AC5BD7F000001;
			isa = PBXBuildFile;
			settings = {
			};
		};
		1B0FA304007AC5BD7F000001 = {
			fileRef = 1B0FA2FF007AC5BD7F000001;
			isa = PBXBuildFile;
			settings = {
			};
		};
		1B0FA305007AC5BD7F000001 = {
			fileRef = 1B0FA301007AC5BD7F000001;
			isa = PBXBuildFile;
			settings = {
			};
		};
		20286C28FDCF999611CA2CEA = {
			buildStyles = (
				00F3635DFFD604227F000001,
				00F3635EFFD604227F000001,
			);
			isa = PBXProject;
			mainGroup = 20286C29FDCF999611CA2CEA;
			targets = (
				20286C34FDCF999611CA2CEA,
			);
		};
		20286C29FDCF999611CA2CEA = {
			children = (
				20286C2AFDCF999611CA2CEA,
				20286C2CFDCF999611CA2CEA,
				20286C32FDCF999611CA2CEA,
				188372C4007AC3B37F000001,
				195DF8C9FE9D4F0611CA2CBB,
			);
			isa = PBXGroup;
			name = CRCCards;
			path = "";
			refType = 4;
		};
		20286C2AFDCF999611CA2CEA = {
			children = (
				00D1B904FFC5DB9CA6466313,
				00D1B905FFC5DB9CA6466313,
				00D1B906FFC5DB9CA6466313,
				00D1B907FFC5DB9CA6466313,
				00D1B908FFC5DB9CA6466313,
				00D1B909FFC5DB9CA6466313,
				00D1B90AFFC5DB9CA6466313,
				00D1B90BFFC5DB9CA6466313,
				00D1B90CFFC5DB9CA6466313,
				00D1B90DFFC5DB9CA6466313,
				00D1B90EFFC5DB9CA6466313,
				00D1B90FFFC5DB9CA6466313,
				00D1B910FFC5DB9CA6466313,
				00D1B911FFC5DB9CA6466313,
				00D1B912FFC5DB9CA6466313,
			);
			isa = PBXGroup;
			name = Sources;
			path = ../../../../MacApp/Examples/CRCCards;
			refType = 2;
		};
		20286C2CFDCF999611CA2CEA = {
			children = (
				00D3D2CDFFC4D988A6466313,
				0867D6AAFE840B52C02AAC07,
			);
			isa = PBXGroup;
			name = Resources;
			path = "";
			refType = 2;
		};
		20286C32FDCF999611CA2CEA = {
			children = (
				20286C33FDCF999611CA2CEA,
				0249A669FF388E3911CA2CEA,
				00F5B0E7FFB8C259A6466313,
			);
			isa = PBXGroup;
			name = "External Frameworks and Libraries";
			path = "";
			refType = 4;
		};
		20286C33FDCF999611CA2CEA = {
			isa = PBXFrameworkReference;
			name = Carbon.framework;
			path = /System/Library/Frameworks/Carbon.framework;
			refType = 0;
		};
		20286C34FDCF999611CA2CEA = {
			buildPhases = (
				20286C35FDCF999611CA2CEA,
				20286C36FDCF999611CA2CEA,
				20286C38FDCF999611CA2CEA,
				20286C3BFDCF999611CA2CEA,
				04313892FE3035C9C02AAC07,
			);
			buildSettings = {
				FRAMEWORK_SEARCH_PATHS = "";
				HEADER_SEARCH_PATHS = "../../MALibraries/includes/ /Developer/Headers/FlatCarbon/";
				LIBRARY_SEARCH_PATHS = "../../MALibraries/build/ /System/Library/Frameworks/QuickTime.framework/Headers/";
				OPTIMIZATION_CFLAGS = "";
				OTHER_CFLAGS = "-include ../../MALibraries/MacAppPrefix_d.h";
				OTHER_LDFLAGS = "";
				OTHER_REZFLAGS = "";
				PRODUCT_NAME = CRCCards;
				SECTORDER_FLAGS = "";
				WARNING_CFLAGS = "-Wmost -Wno-four-char-constants -Wno-unknown-pragmas";
				WRAPPER_EXTENSION = app;
			};
			conditionalBuildSettings = {
			};
			dependencies = (
			);
			isa = PBXApplicationTarget;
			name = CRCCards;
			productName = CRCCards;
			productReference = 0249A665FF388DC511CA2CEA;
			productSettingsXML = "<?xml version=\"1.0\" encoding=\"UTF-8\"?>
<!DOCTYPE plist SYSTEM \"file://localhost/System/Library/DTDs/PropertyList.dtd\">
<plist version=\"0.9\">
<dict>
	<key>CFBundleDevelopmentRegion</key>
	<string>English</string>
	<key>CFBundleExecutable</key>
	<string>CRCCards</string>
	<key>CFBundleIconFile</key>
	<string></string>
	<key>CFBundleIdentifier</key>
	<string>com.apple.macapp.CRCCards</string>
	<key>CFBundleInfoDictionaryVersion</key>
	<string>6.0</string>
	<key>CFBundlePackageType</key>
	<string>APPL</string>
	<key>CFBundleSignature</key>
	<string>SS01</string>
	<key>CFBundleVersion</key>
	<string>0.1</string>
</dict>
</plist>
";
			shouldUseHeadermap = 1;
		};
		20286C35FDCF999611CA2CEA = {
			buildActionMask = 2147483647;
			files = (
				00D1B913FFC5DB9CA6466313,
				00D1B914FFC5DB9CA6466313,
				00D1B915FFC5DB9CA6466313,
				00D1B916FFC5DB9CA6466313,
				00D1B917FFC5DB9CA6466313,
				00D1B918FFC5DB9CA6466313,
				00D1B919FFC5DB9CA6466313,
				1B0FA302007AC5BD7F000001,
				1B0FA303007AC5BD7F000001,
				1B0FA304007AC5BD7F000001,
				1B0FA305007AC5BD7F000001,
			);
			isa = PBXHeadersBuildPhase;
			name = Headers;
		};
		20286C36FDCF999611CA2CEA = {
			buildActionMask = 2147483647;
			files = (
				0867D6ACFE840B52C02AAC07,
			);
			isa = PBXResourcesBuildPhase;
			name = "Bundle Resources";
		};
		20286C38FDCF999611CA2CEA = {
			buildActionMask = 2147483647;
			files = (
				00D1B91AFFC5DB9CA6466313,
				00D1B91BFFC5DB9CA6466313,
				00D1B91CFFC5DB9CA6466313,
				00D1B91DFFC5DB9CA6466313,
				00D1B91EFFC5DB9CA6466313,
				00D1B91FFFC5DB9CA6466313,
				00D1B920FFC5DB9CA6466313,
				00D1B921FFC5DB9CA6466313,
			);
			isa = PBXSourcesBuildPhase;
			name = Sources;
		};
		20286C3BFDCF999611CA2CEA = {
			buildActionMask = 2147483647;
			files = (
				00F5B0E8FFB8C259A6466313,
				20286C3CFDCF999611CA2CEA,
				0249A66AFF388E3911CA2CEA,
			);
			isa = PBXFrameworksBuildPhase;
			name = "Frameworks & Libraries";
		};
		20286C3CFDCF999611CA2CEA = {
			fileRef = 20286C33FDCF999611CA2CEA;
			isa = PBXBuildFile;
			settings = {
			};
		};
	};
	rootObject = 20286C28FDCF999611CA2CEA;
}
