// !$*UTF8*$!
{
	archiveVersion = 1;
	classes = {
	};
	objectVersion = 32;
	objects = {
		017E368D0055D2C211CB2A51 = {
			isa = PBXFileReference;
			path = main.cpp;
			refType = 4;
		};
		017E368E0055D2C211CB2A51 = {
			fileRef = 017E368D0055D2C211CB2A51;
			isa = PBXBuildFile;
			settings = {
			};
		};
		017E368F0055D2C211CB2A51 = {
			fileRef = 017E368D0055D2C211CB2A51;
			isa = PBXBuildFile;
			settings = {
			};
		};
		0249A665FF388DC511CA2CEA = {
			isa = PBXApplicationReference;
			path = "¬´PROJECTNAME¬ª.app";
			refType = 3;
		};
		0249A669FF388E3911CA2CEA = {
			isa = PBXFileReference;
			name = "libstdc++.a";
			path = "/usr/lib/libstdc++.a";
			refType = 0;
		};
		0249A66AFF388E3911CA2CEA = {
			fileRef = 0249A669FF388E3911CA2CEA;
			isa = PBXBuildFile;
			settings = {
			};
		};
		04313892FE3035C9C02AAC07 = {
			buildActionMask = 2147483647;
			files = (
			);
			isa = PBXRezBuildPhase;
			name = "ResourceManager Resources";
		};
		05952DFCFFF02D1B11CA0E50 = {
			buildRules = (
			);
			buildSettings = {
				COPY_PHASE_STRIP = NO;
			};
			isa = PBXBuildStyle;
			name = Development;
		};
		05952DFDFFF02D1B11CA0E50 = {
			buildRules = (
			);
			buildSettings = {
				COPY_PHASE_STRIP = YES;
			};
			isa = PBXBuildStyle;
			name = Deployment;
		};
		0640BAA4FFF0323A11CA0E50 = {
			isa = PBXFrameworkReference;
			name = ApplicationServices.framework;
			path = /System/Library/Frameworks/ApplicationServices.framework;
			refType = 0;
		};
		0640BAA5FFF0323A11CA0E50 = {
			isa = PBXFrameworkReference;
			name = CoreServices.framework;
			path = /System/Library/Frameworks/CoreServices.framework;
			refType = 0;
		};
		0BC047CC005F10BE11CB2A51 = {
			isa = PBXFrameworkReference;
			name = ACS.framework;
			path = /Library/Frameworks/ACS.framework;
			refType = 0;
		};
		0BC047CD005F10BE11CB2A51 = {
			isa = PBXFrameworkReference;
			name = ACSDebug.framework;
			path = /Library/Frameworks/ACSDebug.framework;
			refType = 0;
		};
		0BC047CE005F10BE11CB2A51 = {
			fileRef = 0BC047CC005F10BE11CB2A51;
			isa = PBXBuildFile;
			settings = {
			};
		};
		0BC047CF005F10BE11CB2A51 = {
			fileRef = 0BC047CD005F10BE11CB2A51;
			isa = PBXBuildFile;
			settings = {
			};
		};
		0E6BA55B004576F77F000001 = {
			isa = PBXApplicationReference;
			path = "¬´PROJECTNAME¬ª Debug.app";
			refType = 3;
		};
		0E6BA55C004576F77F000001 = {
			buildPhases = (
				0E6BA55D004576F77F000001,
				0E6BA55E004576F77F000001,
				0E6BA55F004576F77F000001,
				0E6BA560004576F77F000001,
				0E6BA561004576F77F000001,
			);
			buildSettings = {
				DEPLOYMENT_OPTIMIZATION_CFLAGS = "";
				FRAMEWORK_SEARCH_PATHS = "";
				HEADER_SEARCH_PATHS = "/Developer/Headers/FlatCarbon/ /Library/Frameworks/ACSDebug.framework/Headers/";
				LIBRARY_SEARCH_PATHS = /usr/lib/gcc/darwin/2.95.2;
				OPTIMIZATION_CFLAGS = "";
				OTHER_CFLAGS = "-include /Library/Frameworks/ACSDebug.framework/Headers/ACSPrefix_d.h";
				OTHER_LDFLAGS = "";
				OTHER_REZFLAGS = "";
				PRODUCT_NAME = "¬´PROJECTNAME¬ª Debug";
				SECTORDER_FLAGS = "";
				WARNING_CFLAGS = "-Wmost -Wno-four-char-constants -Wno-unknown-pragmas";
				WRAPPER_EXTENSION = app;
			};
			comments = "";
			conditionalBuildSettings = {
			};
			dependencies = (
			);
			isa = PBXApplicationTarget;
			name = "¬´PROJECTNAME¬ª Debug";
			productInstallPath = "$(USER_APPS_DIR)";
			productName = "Dictionary Debug";
			productReference = 0E6BA55B004576F77F000001;
			productSettingsXML = "<?xml version=\"1.0\" encoding=\"UTF-8\"?>
<!DOCTYPE plist SYSTEM \"file://localhost/System/Library/DTDs/PropertyList.dtd\">
<plist version=\"0.9\">
<dict>
	<key>CFBundleDevelopmentRegion</key>
	<string>English</string>
	<key>CFBundleExecutable</key>
	<string>¬´PROJECTNAME¬ª Debug</string>
	<key>CFBundleGetInfoString</key>
	<string></string>
	<key>CFBundleIconFile</key>
	<string></string>
	<key>CFBundleIdentifier</key>
	<string></string>
	<key>CFBundleInfoDictionaryVersion</key>
	<string>6.0</string>
	<key>CFBundleName</key>
	<string></string>
	<key>CFBundlePackageType</key>
	<string>APPL</string>
	<key>CFBundleShortVersionString</key>
	<string></string>
	<key>CFBundleSignature</key>
	<string>????</string>
	<key>CFBundleVersion</key>
	<string>0.0.1d1</string>
</dict>
</plist>
";
			shouldUseHeadermap = 1;
		};
		0E6BA55D004576F77F000001 = {
			buildActionMask = 2147483647;
			files = (
			);
			isa = PBXHeadersBuildPhase;
			name = Headers;
		};
		0E6BA55E004576F77F000001 = {
			buildActionMask = 2147483647;
			files = (
			);
			isa = PBXResourcesBuildPhase;
			name = "Bundle Resources";
		};
		0E6BA55F004576F77F000001 = {
			buildActionMask = 2147483647;
			files = (
				017E368F0055D2C211CB2A51,
			);
			isa = PBXSourcesBuildPhase;
			name = Sources;
		};
		0E6BA560004576F77F000001 = {
			buildActionMask = 2147483647;
			files = (
				0E6BA567004577E77F000001,
				0E6BA568004577E77F000001,
				0BC047CF005F10BE11CB2A51,
			);
			isa = PBXFrameworksBuildPhase;
			name = "Frameworks & Libraries";
		};
		0E6BA561004576F77F000001 = {
			buildActionMask = 2147483647;
			files = (
			);
			isa = PBXRezBuildPhase;
			name = "ResourceManager Resources";
		};
		0E6BA567004577E77F000001 = {
			fileRef = 20286C33FDCF999611CA2CEA;
			isa = PBXBuildFile;
			settings = {
			};
		};
		0E6BA568004577E77F000001 = {
			fileRef = 0249A669FF388E3911CA2CEA;
			isa = PBXBuildFile;
			settings = {
			};
		};
		195DF8C9FE9D4F0611CA2CBB = {
			children = (
				0249A665FF388DC511CA2CEA,
				0E6BA55B004576F77F000001,
			);
			isa = PBXGroup;
			name = Products;
			refType = 4;
		};
		20286C28FDCF999611CA2CEA = {
			buildStyles = (
				05952DFCFFF02D1B11CA0E50,
				05952DFDFFF02D1B11CA0E50,
			);
			isa = PBXProject;
			mainGroup = 20286C29FDCF999611CA2CEA;
			targets = (
				20286C34FDCF999611CA2CEA,
				0E6BA55C004576F77F000001,
			);
		};
		20286C29FDCF999611CA2CEA = {
			children = (
				20286C2AFDCF999611CA2CEA,
				20286C32FDCF999611CA2CEA,
				195DF8C9FE9D4F0611CA2CBB,
			);
			isa = PBXGroup;
			name = Dictionary;
			path = "";
			refType = 4;
		};
		20286C2AFDCF999611CA2CEA = {
			children = (
				017E368D0055D2C211CB2A51,
			);
			isa = PBXGroup;
			name = Sources;
			path = "";
			refType = 4;
		};
		20286C32FDCF999611CA2CEA = {
			children = (
				20286C33FDCF999611CA2CEA,
				0249A669FF388E3911CA2CEA,
				0640BAA4FFF0323A11CA0E50,
				0640BAA5FFF0323A11CA0E50,
				0BC047CC005F10BE11CB2A51,
				0BC047CD005F10BE11CB2A51,
			);
			isa = PBXGroup;
			name = "External Frameworks and Libraries";
			path = "";
			refType = 4;
		};
		20286C33FDCF999611CA2CEA = {
			isa = PBXFrameworkReference;
			name = Carbon.framework;
			path = /System/Library/Frameworks/Carbon.framework;
			refType = 0;
		};
		20286C34FDCF999611CA2CEA = {
			buildPhases = (
				20286C35FDCF999611CA2CEA,
				20286C36FDCF999611CA2CEA,
				20286C38FDCF999611CA2CEA,
				20286C3BFDCF999611CA2CEA,
				04313892FE3035C9C02AAC07,
			);
			buildSettings = {
				DEBUGGING_SYMBOLS = NO;
				FRAMEWORK_SEARCH_PATHS = "";
				HEADER_SEARCH_PATHS = "/Developer/Headers/FlatCarbon/ /Library/Frameworks/ACS.framework/Headers/";
				LIBRARY_SEARCH_PATHS = /usr/lib/gcc/darwin/2.95.2;
				OTHER_CFLAGS = "-include /Library/Frameworks/ACS.framework/Headers/ACSPrefix_n.h";
				OTHER_LDFLAGS = "";
				OTHER_REZFLAGS = "";
				PRODUCT_NAME = "¬´PROJECTNAME¬ª";
				SECTORDER_FLAGS = "";
				WARNING_CFLAGS = "-Wmost -Wno-four-char-constants -Wno-unknown-pragmas";
				WRAPPER_EXTENSION = app;
			};
			comments = "";
			conditionalBuildSettings = {
			};
			dependencies = (
			);
			isa = PBXApplicationTarget;
			name = "¬´PROJECTNAME¬ª Final";
			productName = Dictionary;
			productReference = 0249A665FF388DC511CA2CEA;
			productSettingsXML = "<?xml version=\"1.0\" encoding=\"UTF-8\"?>
<!DOCTYPE plist SYSTEM \"file://localhost/System/Library/DTDs/PropertyList.dtd\">
<plist version=\"0.9\">
<dict>
	<key>CFBundleDevelopmentRegion</key>
	<string>English</string>
	<key>CFBundleExecutable</key>
	<string>¬´PROJECTNAME¬ª</string>
	<key>CFBundleIconFile</key>
	<string></string>
	<key>CFBundleInfoDictionaryVersion</key>
	<string>6.0</string>
	<key>CFBundlePackageType</key>
	<string>APPL</string>
	<key>CFBundleSignature</key>
	<string>????</string>
	<key>CFBundleVersion</key>
	<string>0.1</string>
	<key>CSResourcesFileMapped</key>
	<true/>
</dict>
</plist>
";
			shouldUseHeadermap = 1;
		};
		20286C35FDCF999611CA2CEA = {
			buildActionMask = 2147483647;
			files = (
			);
			isa = PBXHeadersBuildPhase;
			name = Headers;
		};
		20286C36FDCF999611CA2CEA = {
			buildActionMask = 2147483647;
			files = (
			);
			isa = PBXResourcesBuildPhase;
			name = "Bundle Resources";
		};
		20286C38FDCF999611CA2CEA = {
			buildActionMask = 2147483647;
			files = (
				017E368E0055D2C211CB2A51,
			);
			isa = PBXSourcesBuildPhase;
			name = Sources;
		};
		20286C3BFDCF999611CA2CEA = {
			buildActionMask = 2147483647;
			files = (
				20286C3CFDCF999611CA2CEA,
				0249A66AFF388E3911CA2CEA,
				0BC047CE005F10BE11CB2A51,
			);
			isa = PBXFrameworksBuildPhase;
			name = "Frameworks & Libraries";
		};
		20286C3CFDCF999611CA2CEA = {
			fileRef = 20286C33FDCF999611CA2CEA;
			isa = PBXBuildFile;
			settings = {
			};
		};
	};
	rootObject = 20286C28FDCF999611CA2CEA;
}
